
Microsoft Visual Studio Solution File, Format Version 12.00
# Visual Studio Version 16
VisualStudioVersion = 16.0.31205.134
MinimumVisualStudioVersion = 10.0.40219.1
Project("{FAE04EC0-301F-11D3-BF4B-00C04F79EFBC}") = "Laughy.UWP", "Laughy\Laughy.UWP\Laughy.UWP.csproj", "{7A940493-78BD-41D3-B2E9-6A673E94C499}"
EndProject
Project("{FAE04EC0-301F-11D3-BF4B-00C04F79EFBC}") = "Laughy.Android", "Laughy\Laughy.Android\Laughy.Android.csproj", "{B78CF698-B47A-4AE0-B065-E5155C95F9C4}"
EndProject
Project("{FAE04EC0-301F-11D3-BF4B-00C04F79EFBC}") = "Laughy.iOS", "Laughy\Laughy.iOS\Laughy.iOS.csproj", "{39779C79-BE8E-4B33-8C94-FD8A758B4FF2}"
EndProject
Project("{9A19103F-16F7-4668-BE54-9A1E7A4F7556}") = "Laughy", "Laughy\Laughy\Laughy.csproj", "{E5231FF9-C4AF-40AF-81FD-0C5C119D17F3}"
EndProject
Project("{2150E333-8FDC-42A3-9474-1A3956D46DE8}") = "Data", "Data", "{378B2D69-A302-4B2E-9C81-7C7910C3D607}"
EndProject
Project("{2150E333-8FDC-42A3-9474-1A3956D46DE8}") = "Logic", "Logic", "{3F4C3007-3C44-410C-B316-81B96A340FA9}"
EndProject
Project("{2150E333-8FDC-42A3-9474-1A3956D46DE8}") = "Operation", "Operation", "{821BF5DF-5435-4A8B-9F85-0E88FAD1AB49}"
EndProject
Project("{2150E333-8FDC-42A3-9474-1A3956D46DE8}") = "Integration", "Integration", "{A1AD986C-EBB6-4742-AD00-35B5CEADEE13}"
EndProject
Project("{2150E333-8FDC-42A3-9474-1A3956D46DE8}") = "Models", "Models", "{F63FE2FD-0DA7-4AC2-9E87-1165D2114FDF}"
EndProject
Project("{9A19103F-16F7-4668-BE54-9A1E7A4F7556}") = "DomainModels", "DomainModels\DomainModels.csproj", "{E059A9E6-3D59-4AB5-A6A1-AAC6E9D54579}"
EndProject
Project("{9A19103F-16F7-4668-BE54-9A1E7A4F7556}") = "UiModels", "UIModels\UiModels.csproj", "{8CB11CBF-3F36-43ED-B3FA-EA9CF3A39C9E}"
EndProject
Project("{2150E333-8FDC-42A3-9474-1A3956D46DE8}") = "Adapter", "Adapter", "{BE6A2392-1282-494D-8070-BC10ABBFDF65}"
EndProject
Project("{9A19103F-16F7-4668-BE54-9A1E7A4F7556}") = "ApiService", "ApiService\ApiService.csproj", "{EF188A6C-E799-4782-9E80-560301DA6B5A}"
EndProject
Project("{9A19103F-16F7-4668-BE54-9A1E7A4F7556}") = "LaughyWorkflow", "LaughyWorkflow\LaughyWorkflow.csproj", "{12783ED3-CB43-4554-A87E-7D0EE0F4439F}"
EndProject
Project("{9A19103F-16F7-4668-BE54-9A1E7A4F7556}") = "LaughyWorkflow.Contracts", "LaughyWorkflow.Contracts\LaughyWorkflow.Contracts.csproj", "{AFF49980-6BE7-4AA4-BEC5-F5583E69AAE6}"
EndProject
Project("{9A19103F-16F7-4668-BE54-9A1E7A4F7556}") = "Repository.Sqlite.SqliteNetPCL", "Repository.Sqlite.SqliteNetPCL\Repository.Sqlite.SqliteNetPCL.csproj", "{E18217D6-4D7B-40B1-B49A-DDF11B4FA579}"
EndProject
Project("{9A19103F-16F7-4668-BE54-9A1E7A4F7556}") = "Repository.Sqlite.SqliteNetPCL.Contracts", "Repository.Sqlite.SqliteNetPCL.Contracts\Repository.Sqlite.SqliteNetPCL.Contracts.csproj", "{28F536E1-F385-428F-9830-0A5A3D8E2F09}"
EndProject
Project("{9A19103F-16F7-4668-BE54-9A1E7A4F7556}") = "Repository.Sqlite.EntityFramework", "Repository.Sqlite.EntityFramework\Repository.Sqlite.EntityFramework.csproj", "{BD8B24AE-84E7-40AC-82A1-9EC386402DF0}"
EndProject
Project("{9A19103F-16F7-4668-BE54-9A1E7A4F7556}") = "Repository.Sqlite.EntityFramework.Contracts", "Repository.Sqlite.EntityFramework.Contracts\Repository.Sqlite.EntityFramework.Contracts.csproj", "{8F416954-7552-41B7-916A-4B99F1585023}"
EndProject
Project("{9A19103F-16F7-4668-BE54-9A1E7A4F7556}") = "ApiService.Contracts", "ApiService.Contracts\ApiService.Contracts.csproj", "{1FC9EF2B-7727-4917-922C-1C3EC20F67D6}"
EndProject
Project("{FAE04EC0-301F-11D3-BF4B-00C04F79EFBC}") = "LaughyManagement", "LaughyManagement\LaughyManagement.csproj", "{6338764E-E63D-41FF-8748-18B71081FC5E}"
EndProject
Project("{FAE04EC0-301F-11D3-BF4B-00C04F79EFBC}") = "LaughyManagement.Contracts", "LaughyManagement.Contracts\LaughyManagement.Contracts.csproj", "{D095C514-BC4E-4A63-B68D-8216C9EDCD0A}"
EndProject
Global
	GlobalSection(SolutionConfigurationPlatforms) = preSolution
		Debug|Any CPU = Debug|Any CPU
		Debug|ARM = Debug|ARM
		Debug|iPhone = Debug|iPhone
		Debug|iPhoneSimulator = Debug|iPhoneSimulator
		Debug|x64 = Debug|x64
		Debug|x86 = Debug|x86
		Release|Any CPU = Release|Any CPU
		Release|ARM = Release|ARM
		Release|iPhone = Release|iPhone
		Release|iPhoneSimulator = Release|iPhoneSimulator
		Release|x64 = Release|x64
		Release|x86 = Release|x86
	EndGlobalSection
	GlobalSection(ProjectConfigurationPlatforms) = postSolution
		{7A940493-78BD-41D3-B2E9-6A673E94C499}.Debug|Any CPU.ActiveCfg = Debug|x86
		{7A940493-78BD-41D3-B2E9-6A673E94C499}.Debug|Any CPU.Build.0 = Debug|x86
		{7A940493-78BD-41D3-B2E9-6A673E94C499}.Debug|Any CPU.Deploy.0 = Debug|x86
		{7A940493-78BD-41D3-B2E9-6A673E94C499}.Debug|ARM.ActiveCfg = Debug|ARM
		{7A940493-78BD-41D3-B2E9-6A673E94C499}.Debug|ARM.Build.0 = Debug|ARM
		{7A940493-78BD-41D3-B2E9-6A673E94C499}.Debug|ARM.Deploy.0 = Debug|ARM
		{7A940493-78BD-41D3-B2E9-6A673E94C499}.Debug|iPhone.ActiveCfg = Debug|x86
		{7A940493-78BD-41D3-B2E9-6A673E94C499}.Debug|iPhone.Build.0 = Debug|x86
		{7A940493-78BD-41D3-B2E9-6A673E94C499}.Debug|iPhone.Deploy.0 = Debug|x86
		{7A940493-78BD-41D3-B2E9-6A673E94C499}.Debug|iPhoneSimulator.ActiveCfg = Debug|x86
		{7A940493-78BD-41D3-B2E9-6A673E94C499}.Debug|iPhoneSimulator.Build.0 = Debug|x86
		{7A940493-78BD-41D3-B2E9-6A673E94C499}.Debug|iPhoneSimulator.Deploy.0 = Debug|x86
		{7A940493-78BD-41D3-B2E9-6A673E94C499}.Debug|x64.ActiveCfg = Debug|x64
		{7A940493-78BD-41D3-B2E9-6A673E94C499}.Debug|x64.Build.0 = Debug|x64
		{7A940493-78BD-41D3-B2E9-6A673E94C499}.Debug|x64.Deploy.0 = Debug|x64
		{7A940493-78BD-41D3-B2E9-6A673E94C499}.Debug|x86.ActiveCfg = Debug|x86
		{7A940493-78BD-41D3-B2E9-6A673E94C499}.Debug|x86.Build.0 = Debug|x86
		{7A940493-78BD-41D3-B2E9-6A673E94C499}.Debug|x86.Deploy.0 = Debug|x86
		{7A940493-78BD-41D3-B2E9-6A673E94C499}.Release|Any CPU.ActiveCfg = Release|x86
		{7A940493-78BD-41D3-B2E9-6A673E94C499}.Release|Any CPU.Build.0 = Release|x86
		{7A940493-78BD-41D3-B2E9-6A673E94C499}.Release|Any CPU.Deploy.0 = Release|x86
		{7A940493-78BD-41D3-B2E9-6A673E94C499}.Release|ARM.ActiveCfg = Release|ARM
		{7A940493-78BD-41D3-B2E9-6A673E94C499}.Release|ARM.Build.0 = Release|ARM
		{7A940493-78BD-41D3-B2E9-6A673E94C499}.Release|ARM.Deploy.0 = Release|ARM
		{7A940493-78BD-41D3-B2E9-6A673E94C499}.Release|iPhone.ActiveCfg = Release|x86
		{7A940493-78BD-41D3-B2E9-6A673E94C499}.Release|iPhone.Build.0 = Release|x86
		{7A940493-78BD-41D3-B2E9-6A673E94C499}.Release|iPhone.Deploy.0 = Release|x86
		{7A940493-78BD-41D3-B2E9-6A673E94C499}.Release|iPhoneSimulator.ActiveCfg = Release|x86
		{7A940493-78BD-41D3-B2E9-6A673E94C499}.Release|iPhoneSimulator.Build.0 = Release|x86
		{7A940493-78BD-41D3-B2E9-6A673E94C499}.Release|iPhoneSimulator.Deploy.0 = Release|x86
		{7A940493-78BD-41D3-B2E9-6A673E94C499}.Release|x64.ActiveCfg = Release|x64
		{7A940493-78BD-41D3-B2E9-6A673E94C499}.Release|x64.Build.0 = Release|x64
		{7A940493-78BD-41D3-B2E9-6A673E94C499}.Release|x64.Deploy.0 = Release|x64
		{7A940493-78BD-41D3-B2E9-6A673E94C499}.Release|x86.ActiveCfg = Release|x86
		{7A940493-78BD-41D3-B2E9-6A673E94C499}.Release|x86.Build.0 = Release|x86
		{7A940493-78BD-41D3-B2E9-6A673E94C499}.Release|x86.Deploy.0 = Release|x86
		{B78CF698-B47A-4AE0-B065-E5155C95F9C4}.Debug|Any CPU.ActiveCfg = Debug|Any CPU
		{B78CF698-B47A-4AE0-B065-E5155C95F9C4}.Debug|Any CPU.Build.0 = Debug|Any CPU
		{B78CF698-B47A-4AE0-B065-E5155C95F9C4}.Debug|Any CPU.Deploy.0 = Debug|Any CPU
		{B78CF698-B47A-4AE0-B065-E5155C95F9C4}.Debug|ARM.ActiveCfg = Debug|Any CPU
		{B78CF698-B47A-4AE0-B065-E5155C95F9C4}.Debug|ARM.Build.0 = Debug|Any CPU
		{B78CF698-B47A-4AE0-B065-E5155C95F9C4}.Debug|ARM.Deploy.0 = Debug|Any CPU
		{B78CF698-B47A-4AE0-B065-E5155C95F9C4}.Debug|iPhone.ActiveCfg = Debug|Any CPU
		{B78CF698-B47A-4AE0-B065-E5155C95F9C4}.Debug|iPhone.Build.0 = Debug|Any CPU
		{B78CF698-B47A-4AE0-B065-E5155C95F9C4}.Debug|iPhone.Deploy.0 = Debug|Any CPU
		{B78CF698-B47A-4AE0-B065-E5155C95F9C4}.Debug|iPhoneSimulator.ActiveCfg = Debug|Any CPU
		{B78CF698-B47A-4AE0-B065-E5155C95F9C4}.Debug|iPhoneSimulator.Build.0 = Debug|Any CPU
		{B78CF698-B47A-4AE0-B065-E5155C95F9C4}.Debug|iPhoneSimulator.Deploy.0 = Debug|Any CPU
		{B78CF698-B47A-4AE0-B065-E5155C95F9C4}.Debug|x64.ActiveCfg = Debug|Any CPU
		{B78CF698-B47A-4AE0-B065-E5155C95F9C4}.Debug|x64.Build.0 = Debug|Any CPU
		{B78CF698-B47A-4AE0-B065-E5155C95F9C4}.Debug|x64.Deploy.0 = Debug|Any CPU
		{B78CF698-B47A-4AE0-B065-E5155C95F9C4}.Debug|x86.ActiveCfg = Debug|Any CPU
		{B78CF698-B47A-4AE0-B065-E5155C95F9C4}.Debug|x86.Build.0 = Debug|Any CPU
		{B78CF698-B47A-4AE0-B065-E5155C95F9C4}.Debug|x86.Deploy.0 = Debug|Any CPU
		{B78CF698-B47A-4AE0-B065-E5155C95F9C4}.Release|Any CPU.ActiveCfg = Release|Any CPU
		{B78CF698-B47A-4AE0-B065-E5155C95F9C4}.Release|Any CPU.Build.0 = Release|Any CPU
		{B78CF698-B47A-4AE0-B065-E5155C95F9C4}.Release|Any CPU.Deploy.0 = Release|Any CPU
		{B78CF698-B47A-4AE0-B065-E5155C95F9C4}.Release|ARM.ActiveCfg = Release|Any CPU
		{B78CF698-B47A-4AE0-B065-E5155C95F9C4}.Release|ARM.Build.0 = Release|Any CPU
		{B78CF698-B47A-4AE0-B065-E5155C95F9C4}.Release|ARM.Deploy.0 = Release|Any CPU
		{B78CF698-B47A-4AE0-B065-E5155C95F9C4}.Release|iPhone.ActiveCfg = Release|Any CPU
		{B78CF698-B47A-4AE0-B065-E5155C95F9C4}.Release|iPhone.Build.0 = Release|Any CPU
		{B78CF698-B47A-4AE0-B065-E5155C95F9C4}.Release|iPhone.Deploy.0 = Release|Any CPU
		{B78CF698-B47A-4AE0-B065-E5155C95F9C4}.Release|iPhoneSimulator.ActiveCfg = Release|Any CPU
		{B78CF698-B47A-4AE0-B065-E5155C95F9C4}.Release|iPhoneSimulator.Build.0 = Release|Any CPU
		{B78CF698-B47A-4AE0-B065-E5155C95F9C4}.Release|iPhoneSimulator.Deploy.0 = Release|Any CPU
		{B78CF698-B47A-4AE0-B065-E5155C95F9C4}.Release|x64.ActiveCfg = Release|Any CPU
		{B78CF698-B47A-4AE0-B065-E5155C95F9C4}.Release|x64.Build.0 = Release|Any CPU
		{B78CF698-B47A-4AE0-B065-E5155C95F9C4}.Release|x64.Deploy.0 = Release|Any CPU
		{B78CF698-B47A-4AE0-B065-E5155C95F9C4}.Release|x86.ActiveCfg = Release|Any CPU
		{B78CF698-B47A-4AE0-B065-E5155C95F9C4}.Release|x86.Build.0 = Release|Any CPU
		{B78CF698-B47A-4AE0-B065-E5155C95F9C4}.Release|x86.Deploy.0 = Release|Any CPU
		{39779C79-BE8E-4B33-8C94-FD8A758B4FF2}.Debug|Any CPU.ActiveCfg = Debug|iPhoneSimulator
		{39779C79-BE8E-4B33-8C94-FD8A758B4FF2}.Debug|Any CPU.Build.0 = Debug|iPhoneSimulator
		{39779C79-BE8E-4B33-8C94-FD8A758B4FF2}.Debug|Any CPU.Deploy.0 = Debug|iPhoneSimulator
		{39779C79-BE8E-4B33-8C94-FD8A758B4FF2}.Debug|ARM.ActiveCfg = Debug|iPhone
		{39779C79-BE8E-4B33-8C94-FD8A758B4FF2}.Debug|ARM.Build.0 = Debug|iPhone
		{39779C79-BE8E-4B33-8C94-FD8A758B4FF2}.Debug|ARM.Deploy.0 = Debug|iPhone
		{39779C79-BE8E-4B33-8C94-FD8A758B4FF2}.Debug|iPhone.ActiveCfg = Debug|iPhone
		{39779C79-BE8E-4B33-8C94-FD8A758B4FF2}.Debug|iPhone.Build.0 = Debug|iPhone
		{39779C79-BE8E-4B33-8C94-FD8A758B4FF2}.Debug|iPhone.Deploy.0 = Debug|iPhone
		{39779C79-BE8E-4B33-8C94-FD8A758B4FF2}.Debug|iPhoneSimulator.ActiveCfg = Debug|iPhoneSimulator
		{39779C79-BE8E-4B33-8C94-FD8A758B4FF2}.Debug|iPhoneSimulator.Build.0 = Debug|iPhoneSimulator
		{39779C79-BE8E-4B33-8C94-FD8A758B4FF2}.Debug|iPhoneSimulator.Deploy.0 = Debug|iPhoneSimulator
		{39779C79-BE8E-4B33-8C94-FD8A758B4FF2}.Debug|x64.ActiveCfg = Debug|iPhoneSimulator
		{39779C79-BE8E-4B33-8C94-FD8A758B4FF2}.Debug|x64.Build.0 = Debug|iPhoneSimulator
		{39779C79-BE8E-4B33-8C94-FD8A758B4FF2}.Debug|x64.Deploy.0 = Debug|iPhoneSimulator
		{39779C79-BE8E-4B33-8C94-FD8A758B4FF2}.Debug|x86.ActiveCfg = Debug|iPhoneSimulator
		{39779C79-BE8E-4B33-8C94-FD8A758B4FF2}.Debug|x86.Build.0 = Debug|iPhoneSimulator
		{39779C79-BE8E-4B33-8C94-FD8A758B4FF2}.Debug|x86.Deploy.0 = Debug|iPhoneSimulator
		{39779C79-BE8E-4B33-8C94-FD8A758B4FF2}.Release|Any CPU.ActiveCfg = Release|iPhoneSimulator
		{39779C79-BE8E-4B33-8C94-FD8A758B4FF2}.Release|Any CPU.Build.0 = Release|iPhoneSimulator
		{39779C79-BE8E-4B33-8C94-FD8A758B4FF2}.Release|Any CPU.Deploy.0 = Release|iPhoneSimulator
		{39779C79-BE8E-4B33-8C94-FD8A758B4FF2}.Release|ARM.ActiveCfg = Release|iPhoneSimulator
		{39779C79-BE8E-4B33-8C94-FD8A758B4FF2}.Release|ARM.Build.0 = Release|iPhoneSimulator
		{39779C79-BE8E-4B33-8C94-FD8A758B4FF2}.Release|ARM.Deploy.0 = Release|iPhoneSimulator
		{39779C79-BE8E-4B33-8C94-FD8A758B4FF2}.Release|iPhone.ActiveCfg = Release|iPhone
		{39779C79-BE8E-4B33-8C94-FD8A758B4FF2}.Release|iPhone.Build.0 = Release|iPhone
		{39779C79-BE8E-4B33-8C94-FD8A758B4FF2}.Release|iPhone.Deploy.0 = Release|iPhone
		{39779C79-BE8E-4B33-8C94-FD8A758B4FF2}.Release|iPhoneSimulator.ActiveCfg = Release|iPhoneSimulator
		{39779C79-BE8E-4B33-8C94-FD8A758B4FF2}.Release|iPhoneSimulator.Build.0 = Release|iPhoneSimulator
		{39779C79-BE8E-4B33-8C94-FD8A758B4FF2}.Release|iPhoneSimulator.Deploy.0 = Release|iPhoneSimulator
		{39779C79-BE8E-4B33-8C94-FD8A758B4FF2}.Release|x64.ActiveCfg = Release|iPhoneSimulator
		{39779C79-BE8E-4B33-8C94-FD8A758B4FF2}.Release|x64.Build.0 = Release|iPhoneSimulator
		{39779C79-BE8E-4B33-8C94-FD8A758B4FF2}.Release|x64.Deploy.0 = Release|iPhoneSimulator
		{39779C79-BE8E-4B33-8C94-FD8A758B4FF2}.Release|x86.ActiveCfg = Release|iPhoneSimulator
		{39779C79-BE8E-4B33-8C94-FD8A758B4FF2}.Release|x86.Build.0 = Release|iPhoneSimulator
		{39779C79-BE8E-4B33-8C94-FD8A758B4FF2}.Release|x86.Deploy.0 = Release|iPhoneSimulator
		{E5231FF9-C4AF-40AF-81FD-0C5C119D17F3}.Debug|Any CPU.ActiveCfg = Debug|Any CPU
		{E5231FF9-C4AF-40AF-81FD-0C5C119D17F3}.Debug|Any CPU.Build.0 = Debug|Any CPU
		{E5231FF9-C4AF-40AF-81FD-0C5C119D17F3}.Debug|Any CPU.Deploy.0 = Debug|Any CPU
		{E5231FF9-C4AF-40AF-81FD-0C5C119D17F3}.Debug|ARM.ActiveCfg = Debug|Any CPU
		{E5231FF9-C4AF-40AF-81FD-0C5C119D17F3}.Debug|ARM.Build.0 = Debug|Any CPU
		{E5231FF9-C4AF-40AF-81FD-0C5C119D17F3}.Debug|ARM.Deploy.0 = Debug|Any CPU
		{E5231FF9-C4AF-40AF-81FD-0C5C119D17F3}.Debug|iPhone.ActiveCfg = Debug|Any CPU
		{E5231FF9-C4AF-40AF-81FD-0C5C119D17F3}.Debug|iPhone.Build.0 = Debug|Any CPU
		{E5231FF9-C4AF-40AF-81FD-0C5C119D17F3}.Debug|iPhone.Deploy.0 = Debug|Any CPU
		{E5231FF9-C4AF-40AF-81FD-0C5C119D17F3}.Debug|iPhoneSimulator.ActiveCfg = Debug|Any CPU
		{E5231FF9-C4AF-40AF-81FD-0C5C119D17F3}.Debug|iPhoneSimulator.Build.0 = Debug|Any CPU
		{E5231FF9-C4AF-40AF-81FD-0C5C119D17F3}.Debug|iPhoneSimulator.Deploy.0 = Debug|Any CPU
		{E5231FF9-C4AF-40AF-81FD-0C5C119D17F3}.Debug|x64.ActiveCfg = Debug|Any CPU
		{E5231FF9-C4AF-40AF-81FD-0C5C119D17F3}.Debug|x64.Build.0 = Debug|Any CPU
		{E5231FF9-C4AF-40AF-81FD-0C5C119D17F3}.Debug|x64.Deploy.0 = Debug|Any CPU
		{E5231FF9-C4AF-40AF-81FD-0C5C119D17F3}.Debug|x86.ActiveCfg = Debug|Any CPU
		{E5231FF9-C4AF-40AF-81FD-0C5C119D17F3}.Debug|x86.Build.0 = Debug|Any CPU
		{E5231FF9-C4AF-40AF-81FD-0C5C119D17F3}.Debug|x86.Deploy.0 = Debug|Any CPU
		{E5231FF9-C4AF-40AF-81FD-0C5C119D17F3}.Release|Any CPU.ActiveCfg = Release|Any CPU
		{E5231FF9-C4AF-40AF-81FD-0C5C119D17F3}.Release|Any CPU.Build.0 = Release|Any CPU
		{E5231FF9-C4AF-40AF-81FD-0C5C119D17F3}.Release|Any CPU.Deploy.0 = Release|Any CPU
		{E5231FF9-C4AF-40AF-81FD-0C5C119D17F3}.Release|ARM.ActiveCfg = Release|Any CPU
		{E5231FF9-C4AF-40AF-81FD-0C5C119D17F3}.Release|ARM.Build.0 = Release|Any CPU
		{E5231FF9-C4AF-40AF-81FD-0C5C119D17F3}.Release|ARM.Deploy.0 = Release|Any CPU
		{E5231FF9-C4AF-40AF-81FD-0C5C119D17F3}.Release|iPhone.ActiveCfg = Release|Any CPU
		{E5231FF9-C4AF-40AF-81FD-0C5C119D17F3}.Release|iPhone.Build.0 = Release|Any CPU
		{E5231FF9-C4AF-40AF-81FD-0C5C119D17F3}.Release|iPhone.Deploy.0 = Release|Any CPU
		{E5231FF9-C4AF-40AF-81FD-0C5C119D17F3}.Release|iPhoneSimulator.ActiveCfg = Release|Any CPU
		{E5231FF9-C4AF-40AF-81FD-0C5C119D17F3}.Release|iPhoneSimulator.Build.0 = Release|Any CPU
		{E5231FF9-C4AF-40AF-81FD-0C5C119D17F3}.Release|iPhoneSimulator.Deploy.0 = Release|Any CPU
		{E5231FF9-C4AF-40AF-81FD-0C5C119D17F3}.Release|x64.ActiveCfg = Release|Any CPU
		{E5231FF9-C4AF-40AF-81FD-0C5C119D17F3}.Release|x64.Build.0 = Release|Any CPU
		{E5231FF9-C4AF-40AF-81FD-0C5C119D17F3}.Release|x64.Deploy.0 = Release|Any CPU
		{E5231FF9-C4AF-40AF-81FD-0C5C119D17F3}.Release|x86.ActiveCfg = Release|Any CPU
		{E5231FF9-C4AF-40AF-81FD-0C5C119D17F3}.Release|x86.Build.0 = Release|Any CPU
		{E5231FF9-C4AF-40AF-81FD-0C5C119D17F3}.Release|x86.Deploy.0 = Release|Any CPU
		{E059A9E6-3D59-4AB5-A6A1-AAC6E9D54579}.Debug|Any CPU.ActiveCfg = Debug|Any CPU
		{E059A9E6-3D59-4AB5-A6A1-AAC6E9D54579}.Debug|Any CPU.Build.0 = Debug|Any CPU
		{E059A9E6-3D59-4AB5-A6A1-AAC6E9D54579}.Debug|ARM.ActiveCfg = Debug|Any CPU
		{E059A9E6-3D59-4AB5-A6A1-AAC6E9D54579}.Debug|ARM.Build.0 = Debug|Any CPU
		{E059A9E6-3D59-4AB5-A6A1-AAC6E9D54579}.Debug|iPhone.ActiveCfg = Debug|Any CPU
		{E059A9E6-3D59-4AB5-A6A1-AAC6E9D54579}.Debug|iPhone.Build.0 = Debug|Any CPU
		{E059A9E6-3D59-4AB5-A6A1-AAC6E9D54579}.Debug|iPhoneSimulator.ActiveCfg = Debug|Any CPU
		{E059A9E6-3D59-4AB5-A6A1-AAC6E9D54579}.Debug|iPhoneSimulator.Build.0 = Debug|Any CPU
		{E059A9E6-3D59-4AB5-A6A1-AAC6E9D54579}.Debug|x64.ActiveCfg = Debug|Any CPU
		{E059A9E6-3D59-4AB5-A6A1-AAC6E9D54579}.Debug|x64.Build.0 = Debug|Any CPU
		{E059A9E6-3D59-4AB5-A6A1-AAC6E9D54579}.Debug|x86.ActiveCfg = Debug|Any CPU
		{E059A9E6-3D59-4AB5-A6A1-AAC6E9D54579}.Debug|x86.Build.0 = Debug|Any CPU
		{E059A9E6-3D59-4AB5-A6A1-AAC6E9D54579}.Release|Any CPU.ActiveCfg = Release|Any CPU
		{E059A9E6-3D59-4AB5-A6A1-AAC6E9D54579}.Release|Any CPU.Build.0 = Release|Any CPU
		{E059A9E6-3D59-4AB5-A6A1-AAC6E9D54579}.Release|ARM.ActiveCfg = Release|Any CPU
		{E059A9E6-3D59-4AB5-A6A1-AAC6E9D54579}.Release|ARM.Build.0 = Release|Any CPU
		{E059A9E6-3D59-4AB5-A6A1-AAC6E9D54579}.Release|iPhone.ActiveCfg = Release|Any CPU
		{E059A9E6-3D59-4AB5-A6A1-AAC6E9D54579}.Release|iPhone.Build.0 = Release|Any CPU
		{E059A9E6-3D59-4AB5-A6A1-AAC6E9D54579}.Release|iPhoneSimulator.ActiveCfg = Release|Any CPU
		{E059A9E6-3D59-4AB5-A6A1-AAC6E9D54579}.Release|iPhoneSimulator.Build.0 = Release|Any CPU
		{E059A9E6-3D59-4AB5-A6A1-AAC6E9D54579}.Release|x64.ActiveCfg = Release|Any CPU
		{E059A9E6-3D59-4AB5-A6A1-AAC6E9D54579}.Release|x64.Build.0 = Release|Any CPU
		{E059A9E6-3D59-4AB5-A6A1-AAC6E9D54579}.Release|x86.ActiveCfg = Release|Any CPU
		{E059A9E6-3D59-4AB5-A6A1-AAC6E9D54579}.Release|x86.Build.0 = Release|Any CPU
		{8CB11CBF-3F36-43ED-B3FA-EA9CF3A39C9E}.Debug|Any CPU.ActiveCfg = Debug|Any CPU
		{8CB11CBF-3F36-43ED-B3FA-EA9CF3A39C9E}.Debug|Any CPU.Build.0 = Debug|Any CPU
		{8CB11CBF-3F36-43ED-B3FA-EA9CF3A39C9E}.Debug|ARM.ActiveCfg = Debug|Any CPU
		{8CB11CBF-3F36-43ED-B3FA-EA9CF3A39C9E}.Debug|ARM.Build.0 = Debug|Any CPU
		{8CB11CBF-3F36-43ED-B3FA-EA9CF3A39C9E}.Debug|iPhone.ActiveCfg = Debug|Any CPU
		{8CB11CBF-3F36-43ED-B3FA-EA9CF3A39C9E}.Debug|iPhone.Build.0 = Debug|Any CPU
		{8CB11CBF-3F36-43ED-B3FA-EA9CF3A39C9E}.Debug|iPhoneSimulator.ActiveCfg = Debug|Any CPU
		{8CB11CBF-3F36-43ED-B3FA-EA9CF3A39C9E}.Debug|iPhoneSimulator.Build.0 = Debug|Any CPU
		{8CB11CBF-3F36-43ED-B3FA-EA9CF3A39C9E}.Debug|x64.ActiveCfg = Debug|Any CPU
		{8CB11CBF-3F36-43ED-B3FA-EA9CF3A39C9E}.Debug|x64.Build.0 = Debug|Any CPU
		{8CB11CBF-3F36-43ED-B3FA-EA9CF3A39C9E}.Debug|x86.ActiveCfg = Debug|Any CPU
		{8CB11CBF-3F36-43ED-B3FA-EA9CF3A39C9E}.Debug|x86.Build.0 = Debug|Any CPU
		{8CB11CBF-3F36-43ED-B3FA-EA9CF3A39C9E}.Release|Any CPU.ActiveCfg = Release|Any CPU
		{8CB11CBF-3F36-43ED-B3FA-EA9CF3A39C9E}.Release|Any CPU.Build.0 = Release|Any CPU
		{8CB11CBF-3F36-43ED-B3FA-EA9CF3A39C9E}.Release|ARM.ActiveCfg = Release|Any CPU
		{8CB11CBF-3F36-43ED-B3FA-EA9CF3A39C9E}.Release|ARM.Build.0 = Release|Any CPU
		{8CB11CBF-3F36-43ED-B3FA-EA9CF3A39C9E}.Release|iPhone.ActiveCfg = Release|Any CPU
		{8CB11CBF-3F36-43ED-B3FA-EA9CF3A39C9E}.Release|iPhone.Build.0 = Release|Any CPU
		{8CB11CBF-3F36-43ED-B3FA-EA9CF3A39C9E}.Release|iPhoneSimulator.ActiveCfg = Release|Any CPU
		{8CB11CBF-3F36-43ED-B3FA-EA9CF3A39C9E}.Release|iPhoneSimulator.Build.0 = Release|Any CPU
		{8CB11CBF-3F36-43ED-B3FA-EA9CF3A39C9E}.Release|x64.ActiveCfg = Release|Any CPU
		{8CB11CBF-3F36-43ED-B3FA-EA9CF3A39C9E}.Release|x64.Build.0 = Release|Any CPU
		{8CB11CBF-3F36-43ED-B3FA-EA9CF3A39C9E}.Release|x86.ActiveCfg = Release|Any CPU
		{8CB11CBF-3F36-43ED-B3FA-EA9CF3A39C9E}.Release|x86.Build.0 = Release|Any CPU
		{EF188A6C-E799-4782-9E80-560301DA6B5A}.Debug|Any CPU.ActiveCfg = Debug|Any CPU
		{EF188A6C-E799-4782-9E80-560301DA6B5A}.Debug|Any CPU.Build.0 = Debug|Any CPU
		{EF188A6C-E799-4782-9E80-560301DA6B5A}.Debug|ARM.ActiveCfg = Debug|Any CPU
		{EF188A6C-E799-4782-9E80-560301DA6B5A}.Debug|ARM.Build.0 = Debug|Any CPU
		{EF188A6C-E799-4782-9E80-560301DA6B5A}.Debug|iPhone.ActiveCfg = Debug|Any CPU
		{EF188A6C-E799-4782-9E80-560301DA6B5A}.Debug|iPhone.Build.0 = Debug|Any CPU
		{EF188A6C-E799-4782-9E80-560301DA6B5A}.Debug|iPhoneSimulator.ActiveCfg = Debug|Any CPU
		{EF188A6C-E799-4782-9E80-560301DA6B5A}.Debug|iPhoneSimulator.Build.0 = Debug|Any CPU
		{EF188A6C-E799-4782-9E80-560301DA6B5A}.Debug|x64.ActiveCfg = Debug|Any CPU
		{EF188A6C-E799-4782-9E80-560301DA6B5A}.Debug|x64.Build.0 = Debug|Any CPU
		{EF188A6C-E799-4782-9E80-560301DA6B5A}.Debug|x86.ActiveCfg = Debug|Any CPU
		{EF188A6C-E799-4782-9E80-560301DA6B5A}.Debug|x86.Build.0 = Debug|Any CPU
		{EF188A6C-E799-4782-9E80-560301DA6B5A}.Release|Any CPU.ActiveCfg = Release|Any CPU
		{EF188A6C-E799-4782-9E80-560301DA6B5A}.Release|Any CPU.Build.0 = Release|Any CPU
		{EF188A6C-E799-4782-9E80-560301DA6B5A}.Release|ARM.ActiveCfg = Release|Any CPU
		{EF188A6C-E799-4782-9E80-560301DA6B5A}.Release|ARM.Build.0 = Release|Any CPU
		{EF188A6C-E799-4782-9E80-560301DA6B5A}.Release|iPhone.ActiveCfg = Release|Any CPU
		{EF188A6C-E799-4782-9E80-560301DA6B5A}.Release|iPhone.Build.0 = Release|Any CPU
		{EF188A6C-E799-4782-9E80-560301DA6B5A}.Release|iPhoneSimulator.ActiveCfg = Release|Any CPU
		{EF188A6C-E799-4782-9E80-560301DA6B5A}.Release|iPhoneSimulator.Build.0 = Release|Any CPU
		{EF188A6C-E799-4782-9E80-560301DA6B5A}.Release|x64.ActiveCfg = Release|Any CPU
		{EF188A6C-E799-4782-9E80-560301DA6B5A}.Release|x64.Build.0 = Release|Any CPU
		{EF188A6C-E799-4782-9E80-560301DA6B5A}.Release|x86.ActiveCfg = Release|Any CPU
		{EF188A6C-E799-4782-9E80-560301DA6B5A}.Release|x86.Build.0 = Release|Any CPU
		{12783ED3-CB43-4554-A87E-7D0EE0F4439F}.Debug|Any CPU.ActiveCfg = Debug|Any CPU
		{12783ED3-CB43-4554-A87E-7D0EE0F4439F}.Debug|Any CPU.Build.0 = Debug|Any CPU
		{12783ED3-CB43-4554-A87E-7D0EE0F4439F}.Debug|ARM.ActiveCfg = Debug|Any CPU
		{12783ED3-CB43-4554-A87E-7D0EE0F4439F}.Debug|ARM.Build.0 = Debug|Any CPU
		{12783ED3-CB43-4554-A87E-7D0EE0F4439F}.Debug|iPhone.ActiveCfg = Debug|Any CPU
		{12783ED3-CB43-4554-A87E-7D0EE0F4439F}.Debug|iPhone.Build.0 = Debug|Any CPU
		{12783ED3-CB43-4554-A87E-7D0EE0F4439F}.Debug|iPhoneSimulator.ActiveCfg = Debug|Any CPU
		{12783ED3-CB43-4554-A87E-7D0EE0F4439F}.Debug|iPhoneSimulator.Build.0 = Debug|Any CPU
		{12783ED3-CB43-4554-A87E-7D0EE0F4439F}.Debug|x64.ActiveCfg = Debug|Any CPU
		{12783ED3-CB43-4554-A87E-7D0EE0F4439F}.Debug|x64.Build.0 = Debug|Any CPU
		{12783ED3-CB43-4554-A87E-7D0EE0F4439F}.Debug|x86.ActiveCfg = Debug|Any CPU
		{12783ED3-CB43-4554-A87E-7D0EE0F4439F}.Debug|x86.Build.0 = Debug|Any CPU
		{12783ED3-CB43-4554-A87E-7D0EE0F4439F}.Release|Any CPU.ActiveCfg = Release|Any CPU
		{12783ED3-CB43-4554-A87E-7D0EE0F4439F}.Release|Any CPU.Build.0 = Release|Any CPU
		{12783ED3-CB43-4554-A87E-7D0EE0F4439F}.Release|ARM.ActiveCfg = Release|Any CPU
		{12783ED3-CB43-4554-A87E-7D0EE0F4439F}.Release|ARM.Build.0 = Release|Any CPU
		{12783ED3-CB43-4554-A87E-7D0EE0F4439F}.Release|iPhone.ActiveCfg = Release|Any CPU
		{12783ED3-CB43-4554-A87E-7D0EE0F4439F}.Release|iPhone.Build.0 = Release|Any CPU
		{12783ED3-CB43-4554-A87E-7D0EE0F4439F}.Release|iPhoneSimulator.ActiveCfg = Release|Any CPU
		{12783ED3-CB43-4554-A87E-7D0EE0F4439F}.Release|iPhoneSimulator.Build.0 = Release|Any CPU
		{12783ED3-CB43-4554-A87E-7D0EE0F4439F}.Release|x64.ActiveCfg = Release|Any CPU
		{12783ED3-CB43-4554-A87E-7D0EE0F4439F}.Release|x64.Build.0 = Release|Any CPU
		{12783ED3-CB43-4554-A87E-7D0EE0F4439F}.Release|x86.ActiveCfg = Release|Any CPU
		{12783ED3-CB43-4554-A87E-7D0EE0F4439F}.Release|x86.Build.0 = Release|Any CPU
		{AFF49980-6BE7-4AA4-BEC5-F5583E69AAE6}.Debug|Any CPU.ActiveCfg = Debug|Any CPU
		{AFF49980-6BE7-4AA4-BEC5-F5583E69AAE6}.Debug|Any CPU.Build.0 = Debug|Any CPU
		{AFF49980-6BE7-4AA4-BEC5-F5583E69AAE6}.Debug|ARM.ActiveCfg = Debug|Any CPU
		{AFF49980-6BE7-4AA4-BEC5-F5583E69AAE6}.Debug|ARM.Build.0 = Debug|Any CPU
		{AFF49980-6BE7-4AA4-BEC5-F5583E69AAE6}.Debug|iPhone.ActiveCfg = Debug|Any CPU
		{AFF49980-6BE7-4AA4-BEC5-F5583E69AAE6}.Debug|iPhone.Build.0 = Debug|Any CPU
		{AFF49980-6BE7-4AA4-BEC5-F5583E69AAE6}.Debug|iPhoneSimulator.ActiveCfg = Debug|Any CPU
		{AFF49980-6BE7-4AA4-BEC5-F5583E69AAE6}.Debug|iPhoneSimulator.Build.0 = Debug|Any CPU
		{AFF49980-6BE7-4AA4-BEC5-F5583E69AAE6}.Debug|x64.ActiveCfg = Debug|Any CPU
		{AFF49980-6BE7-4AA4-BEC5-F5583E69AAE6}.Debug|x64.Build.0 = Debug|Any CPU
		{AFF49980-6BE7-4AA4-BEC5-F5583E69AAE6}.Debug|x86.ActiveCfg = Debug|Any CPU
		{AFF49980-6BE7-4AA4-BEC5-F5583E69AAE6}.Debug|x86.Build.0 = Debug|Any CPU
		{AFF49980-6BE7-4AA4-BEC5-F5583E69AAE6}.Release|Any CPU.ActiveCfg = Release|Any CPU
		{AFF49980-6BE7-4AA4-BEC5-F5583E69AAE6}.Release|Any CPU.Build.0 = Release|Any CPU
		{AFF49980-6BE7-4AA4-BEC5-F5583E69AAE6}.Release|ARM.ActiveCfg = Release|Any CPU
		{AFF49980-6BE7-4AA4-BEC5-F5583E69AAE6}.Release|ARM.Build.0 = Release|Any CPU
		{AFF49980-6BE7-4AA4-BEC5-F5583E69AAE6}.Release|iPhone.ActiveCfg = Release|Any CPU
		{AFF49980-6BE7-4AA4-BEC5-F5583E69AAE6}.Release|iPhone.Build.0 = Release|Any CPU
		{AFF49980-6BE7-4AA4-BEC5-F5583E69AAE6}.Release|iPhoneSimulator.ActiveCfg = Release|Any CPU
		{AFF49980-6BE7-4AA4-BEC5-F5583E69AAE6}.Release|iPhoneSimulator.Build.0 = Release|Any CPU
		{AFF49980-6BE7-4AA4-BEC5-F5583E69AAE6}.Release|x64.ActiveCfg = Release|Any CPU
		{AFF49980-6BE7-4AA4-BEC5-F5583E69AAE6}.Release|x64.Build.0 = Release|Any CPU
		{AFF49980-6BE7-4AA4-BEC5-F5583E69AAE6}.Release|x86.ActiveCfg = Release|Any CPU
		{AFF49980-6BE7-4AA4-BEC5-F5583E69AAE6}.Release|x86.Build.0 = Release|Any CPU
		{E18217D6-4D7B-40B1-B49A-DDF11B4FA579}.Debug|Any CPU.ActiveCfg = Debug|Any CPU
		{E18217D6-4D7B-40B1-B49A-DDF11B4FA579}.Debug|Any CPU.Build.0 = Debug|Any CPU
		{E18217D6-4D7B-40B1-B49A-DDF11B4FA579}.Debug|ARM.ActiveCfg = Debug|Any CPU
		{E18217D6-4D7B-40B1-B49A-DDF11B4FA579}.Debug|ARM.Build.0 = Debug|Any CPU
		{E18217D6-4D7B-40B1-B49A-DDF11B4FA579}.Debug|iPhone.ActiveCfg = Debug|Any CPU
		{E18217D6-4D7B-40B1-B49A-DDF11B4FA579}.Debug|iPhone.Build.0 = Debug|Any CPU
		{E18217D6-4D7B-40B1-B49A-DDF11B4FA579}.Debug|iPhoneSimulator.ActiveCfg = Debug|Any CPU
		{E18217D6-4D7B-40B1-B49A-DDF11B4FA579}.Debug|iPhoneSimulator.Build.0 = Debug|Any CPU
		{E18217D6-4D7B-40B1-B49A-DDF11B4FA579}.Debug|x64.ActiveCfg = Debug|Any CPU
		{E18217D6-4D7B-40B1-B49A-DDF11B4FA579}.Debug|x64.Build.0 = Debug|Any CPU
		{E18217D6-4D7B-40B1-B49A-DDF11B4FA579}.Debug|x86.ActiveCfg = Debug|Any CPU
		{E18217D6-4D7B-40B1-B49A-DDF11B4FA579}.Debug|x86.Build.0 = Debug|Any CPU
		{E18217D6-4D7B-40B1-B49A-DDF11B4FA579}.Release|Any CPU.ActiveCfg = Release|Any CPU
		{E18217D6-4D7B-40B1-B49A-DDF11B4FA579}.Release|Any CPU.Build.0 = Release|Any CPU
		{E18217D6-4D7B-40B1-B49A-DDF11B4FA579}.Release|ARM.ActiveCfg = Release|Any CPU
		{E18217D6-4D7B-40B1-B49A-DDF11B4FA579}.Release|ARM.Build.0 = Release|Any CPU
		{E18217D6-4D7B-40B1-B49A-DDF11B4FA579}.Release|iPhone.ActiveCfg = Release|Any CPU
		{E18217D6-4D7B-40B1-B49A-DDF11B4FA579}.Release|iPhone.Build.0 = Release|Any CPU
		{E18217D6-4D7B-40B1-B49A-DDF11B4FA579}.Release|iPhoneSimulator.ActiveCfg = Release|Any CPU
		{E18217D6-4D7B-40B1-B49A-DDF11B4FA579}.Release|iPhoneSimulator.Build.0 = Release|Any CPU
		{E18217D6-4D7B-40B1-B49A-DDF11B4FA579}.Release|x64.ActiveCfg = Release|Any CPU
		{E18217D6-4D7B-40B1-B49A-DDF11B4FA579}.Release|x64.Build.0 = Release|Any CPU
		{E18217D6-4D7B-40B1-B49A-DDF11B4FA579}.Release|x86.ActiveCfg = Release|Any CPU
		{E18217D6-4D7B-40B1-B49A-DDF11B4FA579}.Release|x86.Build.0 = Release|Any CPU
		{28F536E1-F385-428F-9830-0A5A3D8E2F09}.Debug|Any CPU.ActiveCfg = Debug|Any CPU
		{28F536E1-F385-428F-9830-0A5A3D8E2F09}.Debug|Any CPU.Build.0 = Debug|Any CPU
		{28F536E1-F385-428F-9830-0A5A3D8E2F09}.Debug|ARM.ActiveCfg = Debug|Any CPU
		{28F536E1-F385-428F-9830-0A5A3D8E2F09}.Debug|ARM.Build.0 = Debug|Any CPU
		{28F536E1-F385-428F-9830-0A5A3D8E2F09}.Debug|iPhone.ActiveCfg = Debug|Any CPU
		{28F536E1-F385-428F-9830-0A5A3D8E2F09}.Debug|iPhone.Build.0 = Debug|Any CPU
		{28F536E1-F385-428F-9830-0A5A3D8E2F09}.Debug|iPhoneSimulator.ActiveCfg = Debug|Any CPU
		{28F536E1-F385-428F-9830-0A5A3D8E2F09}.Debug|iPhoneSimulator.Build.0 = Debug|Any CPU
		{28F536E1-F385-428F-9830-0A5A3D8E2F09}.Debug|x64.ActiveCfg = Debug|Any CPU
		{28F536E1-F385-428F-9830-0A5A3D8E2F09}.Debug|x64.Build.0 = Debug|Any CPU
		{28F536E1-F385-428F-9830-0A5A3D8E2F09}.Debug|x86.ActiveCfg = Debug|Any CPU
		{28F536E1-F385-428F-9830-0A5A3D8E2F09}.Debug|x86.Build.0 = Debug|Any CPU
		{28F536E1-F385-428F-9830-0A5A3D8E2F09}.Release|Any CPU.ActiveCfg = Release|Any CPU
		{28F536E1-F385-428F-9830-0A5A3D8E2F09}.Release|Any CPU.Build.0 = Release|Any CPU
		{28F536E1-F385-428F-9830-0A5A3D8E2F09}.Release|ARM.ActiveCfg = Release|Any CPU
		{28F536E1-F385-428F-9830-0A5A3D8E2F09}.Release|ARM.Build.0 = Release|Any CPU
		{28F536E1-F385-428F-9830-0A5A3D8E2F09}.Release|iPhone.ActiveCfg = Release|Any CPU
		{28F536E1-F385-428F-9830-0A5A3D8E2F09}.Release|iPhone.Build.0 = Release|Any CPU
		{28F536E1-F385-428F-9830-0A5A3D8E2F09}.Release|iPhoneSimulator.ActiveCfg = Release|Any CPU
		{28F536E1-F385-428F-9830-0A5A3D8E2F09}.Release|iPhoneSimulator.Build.0 = Release|Any CPU
		{28F536E1-F385-428F-9830-0A5A3D8E2F09}.Release|x64.ActiveCfg = Release|Any CPU
		{28F536E1-F385-428F-9830-0A5A3D8E2F09}.Release|x64.Build.0 = Release|Any CPU
		{28F536E1-F385-428F-9830-0A5A3D8E2F09}.Release|x86.ActiveCfg = Release|Any CPU
		{28F536E1-F385-428F-9830-0A5A3D8E2F09}.Release|x86.Build.0 = Release|Any CPU
		{BD8B24AE-84E7-40AC-82A1-9EC386402DF0}.Debug|Any CPU.ActiveCfg = Debug|Any CPU
		{BD8B24AE-84E7-40AC-82A1-9EC386402DF0}.Debug|Any CPU.Build.0 = Debug|Any CPU
		{BD8B24AE-84E7-40AC-82A1-9EC386402DF0}.Debug|ARM.ActiveCfg = Debug|Any CPU
		{BD8B24AE-84E7-40AC-82A1-9EC386402DF0}.Debug|ARM.Build.0 = Debug|Any CPU
		{BD8B24AE-84E7-40AC-82A1-9EC386402DF0}.Debug|iPhone.ActiveCfg = Debug|Any CPU
		{BD8B24AE-84E7-40AC-82A1-9EC386402DF0}.Debug|iPhone.Build.0 = Debug|Any CPU
		{BD8B24AE-84E7-40AC-82A1-9EC386402DF0}.Debug|iPhoneSimulator.ActiveCfg = Debug|Any CPU
		{BD8B24AE-84E7-40AC-82A1-9EC386402DF0}.Debug|iPhoneSimulator.Build.0 = Debug|Any CPU
		{BD8B24AE-84E7-40AC-82A1-9EC386402DF0}.Debug|x64.ActiveCfg = Debug|Any CPU
		{BD8B24AE-84E7-40AC-82A1-9EC386402DF0}.Debug|x64.Build.0 = Debug|Any CPU
		{BD8B24AE-84E7-40AC-82A1-9EC386402DF0}.Debug|x86.ActiveCfg = Debug|Any CPU
		{BD8B24AE-84E7-40AC-82A1-9EC386402DF0}.Debug|x86.Build.0 = Debug|Any CPU
		{BD8B24AE-84E7-40AC-82A1-9EC386402DF0}.Release|Any CPU.ActiveCfg = Release|Any CPU
		{BD8B24AE-84E7-40AC-82A1-9EC386402DF0}.Release|Any CPU.Build.0 = Release|Any CPU
		{BD8B24AE-84E7-40AC-82A1-9EC386402DF0}.Release|ARM.ActiveCfg = Release|Any CPU
		{BD8B24AE-84E7-40AC-82A1-9EC386402DF0}.Release|ARM.Build.0 = Release|Any CPU
		{BD8B24AE-84E7-40AC-82A1-9EC386402DF0}.Release|iPhone.ActiveCfg = Release|Any CPU
		{BD8B24AE-84E7-40AC-82A1-9EC386402DF0}.Release|iPhone.Build.0 = Release|Any CPU
		{BD8B24AE-84E7-40AC-82A1-9EC386402DF0}.Release|iPhoneSimulator.ActiveCfg = Release|Any CPU
		{BD8B24AE-84E7-40AC-82A1-9EC386402DF0}.Release|iPhoneSimulator.Build.0 = Release|Any CPU
		{BD8B24AE-84E7-40AC-82A1-9EC386402DF0}.Release|x64.ActiveCfg = Release|Any CPU
		{BD8B24AE-84E7-40AC-82A1-9EC386402DF0}.Release|x64.Build.0 = Release|Any CPU
		{BD8B24AE-84E7-40AC-82A1-9EC386402DF0}.Release|x86.ActiveCfg = Release|Any CPU
		{BD8B24AE-84E7-40AC-82A1-9EC386402DF0}.Release|x86.Build.0 = Release|Any CPU
		{8F416954-7552-41B7-916A-4B99F1585023}.Debug|Any CPU.ActiveCfg = Debug|Any CPU
		{8F416954-7552-41B7-916A-4B99F1585023}.Debug|Any CPU.Build.0 = Debug|Any CPU
		{8F416954-7552-41B7-916A-4B99F1585023}.Debug|ARM.ActiveCfg = Debug|Any CPU
		{8F416954-7552-41B7-916A-4B99F1585023}.Debug|ARM.Build.0 = Debug|Any CPU
		{8F416954-7552-41B7-916A-4B99F1585023}.Debug|iPhone.ActiveCfg = Debug|Any CPU
		{8F416954-7552-41B7-916A-4B99F1585023}.Debug|iPhone.Build.0 = Debug|Any CPU
		{8F416954-7552-41B7-916A-4B99F1585023}.Debug|iPhoneSimulator.ActiveCfg = Debug|Any CPU
		{8F416954-7552-41B7-916A-4B99F1585023}.Debug|iPhoneSimulator.Build.0 = Debug|Any CPU
		{8F416954-7552-41B7-916A-4B99F1585023}.Debug|x64.ActiveCfg = Debug|Any CPU
		{8F416954-7552-41B7-916A-4B99F1585023}.Debug|x64.Build.0 = Debug|Any CPU
		{8F416954-7552-41B7-916A-4B99F1585023}.Debug|x86.ActiveCfg = Debug|Any CPU
		{8F416954-7552-41B7-916A-4B99F1585023}.Debug|x86.Build.0 = Debug|Any CPU
		{8F416954-7552-41B7-916A-4B99F1585023}.Release|Any CPU.ActiveCfg = Release|Any CPU
		{8F416954-7552-41B7-916A-4B99F1585023}.Release|Any CPU.Build.0 = Release|Any CPU
		{8F416954-7552-41B7-916A-4B99F1585023}.Release|ARM.ActiveCfg = Release|Any CPU
		{8F416954-7552-41B7-916A-4B99F1585023}.Release|ARM.Build.0 = Release|Any CPU
		{8F416954-7552-41B7-916A-4B99F1585023}.Release|iPhone.ActiveCfg = Release|Any CPU
		{8F416954-7552-41B7-916A-4B99F1585023}.Release|iPhone.Build.0 = Release|Any CPU
		{8F416954-7552-41B7-916A-4B99F1585023}.Release|iPhoneSimulator.ActiveCfg = Release|Any CPU
		{8F416954-7552-41B7-916A-4B99F1585023}.Release|iPhoneSimulator.Build.0 = Release|Any CPU
		{8F416954-7552-41B7-916A-4B99F1585023}.Release|x64.ActiveCfg = Release|Any CPU
		{8F416954-7552-41B7-916A-4B99F1585023}.Release|x64.Build.0 = Release|Any CPU
		{8F416954-7552-41B7-916A-4B99F1585023}.Release|x86.ActiveCfg = Release|Any CPU
		{8F416954-7552-41B7-916A-4B99F1585023}.Release|x86.Build.0 = Release|Any CPU
		{1FC9EF2B-7727-4917-922C-1C3EC20F67D6}.Debug|Any CPU.ActiveCfg = Debug|Any CPU
		{1FC9EF2B-7727-4917-922C-1C3EC20F67D6}.Debug|Any CPU.Build.0 = Debug|Any CPU
		{1FC9EF2B-7727-4917-922C-1C3EC20F67D6}.Debug|ARM.ActiveCfg = Debug|Any CPU
		{1FC9EF2B-7727-4917-922C-1C3EC20F67D6}.Debug|ARM.Build.0 = Debug|Any CPU
		{1FC9EF2B-7727-4917-922C-1C3EC20F67D6}.Debug|iPhone.ActiveCfg = Debug|Any CPU
		{1FC9EF2B-7727-4917-922C-1C3EC20F67D6}.Debug|iPhone.Build.0 = Debug|Any CPU
		{1FC9EF2B-7727-4917-922C-1C3EC20F67D6}.Debug|iPhoneSimulator.ActiveCfg = Debug|Any CPU
		{1FC9EF2B-7727-4917-922C-1C3EC20F67D6}.Debug|iPhoneSimulator.Build.0 = Debug|Any CPU
		{1FC9EF2B-7727-4917-922C-1C3EC20F67D6}.Debug|x64.ActiveCfg = Debug|Any CPU
		{1FC9EF2B-7727-4917-922C-1C3EC20F67D6}.Debug|x64.Build.0 = Debug|Any CPU
		{1FC9EF2B-7727-4917-922C-1C3EC20F67D6}.Debug|x86.ActiveCfg = Debug|Any CPU
		{1FC9EF2B-7727-4917-922C-1C3EC20F67D6}.Debug|x86.Build.0 = Debug|Any CPU
		{1FC9EF2B-7727-4917-922C-1C3EC20F67D6}.Release|Any CPU.ActiveCfg = Release|Any CPU
		{1FC9EF2B-7727-4917-922C-1C3EC20F67D6}.Release|Any CPU.Build.0 = Release|Any CPU
		{1FC9EF2B-7727-4917-922C-1C3EC20F67D6}.Release|ARM.ActiveCfg = Release|Any CPU
		{1FC9EF2B-7727-4917-922C-1C3EC20F67D6}.Release|ARM.Build.0 = Release|Any CPU
		{1FC9EF2B-7727-4917-922C-1C3EC20F67D6}.Release|iPhone.ActiveCfg = Release|Any CPU
		{1FC9EF2B-7727-4917-922C-1C3EC20F67D6}.Release|iPhone.Build.0 = Release|Any CPU
		{1FC9EF2B-7727-4917-922C-1C3EC20F67D6}.Release|iPhoneSimulator.ActiveCfg = Release|Any CPU
		{1FC9EF2B-7727-4917-922C-1C3EC20F67D6}.Release|iPhoneSimulator.Build.0 = Release|Any CPU
		{1FC9EF2B-7727-4917-922C-1C3EC20F67D6}.Release|x64.ActiveCfg = Release|Any CPU
		{1FC9EF2B-7727-4917-922C-1C3EC20F67D6}.Release|x64.Build.0 = Release|Any CPU
		{1FC9EF2B-7727-4917-922C-1C3EC20F67D6}.Release|x86.ActiveCfg = Release|Any CPU
		{1FC9EF2B-7727-4917-922C-1C3EC20F67D6}.Release|x86.Build.0 = Release|Any CPU
		{6338764E-E63D-41FF-8748-18B71081FC5E}.Debug|Any CPU.ActiveCfg = Debug|Any CPU
		{6338764E-E63D-41FF-8748-18B71081FC5E}.Debug|Any CPU.Build.0 = Debug|Any CPU
		{6338764E-E63D-41FF-8748-18B71081FC5E}.Debug|ARM.ActiveCfg = Debug|Any CPU
		{6338764E-E63D-41FF-8748-18B71081FC5E}.Debug|ARM.Build.0 = Debug|Any CPU
		{6338764E-E63D-41FF-8748-18B71081FC5E}.Debug|iPhone.ActiveCfg = Debug|Any CPU
		{6338764E-E63D-41FF-8748-18B71081FC5E}.Debug|iPhone.Build.0 = Debug|Any CPU
		{6338764E-E63D-41FF-8748-18B71081FC5E}.Debug|iPhoneSimulator.ActiveCfg = Debug|Any CPU
		{6338764E-E63D-41FF-8748-18B71081FC5E}.Debug|iPhoneSimulator.Build.0 = Debug|Any CPU
		{6338764E-E63D-41FF-8748-18B71081FC5E}.Debug|x64.ActiveCfg = Debug|Any CPU
		{6338764E-E63D-41FF-8748-18B71081FC5E}.Debug|x64.Build.0 = Debug|Any CPU
		{6338764E-E63D-41FF-8748-18B71081FC5E}.Debug|x86.ActiveCfg = Debug|Any CPU
		{6338764E-E63D-41FF-8748-18B71081FC5E}.Debug|x86.Build.0 = Debug|Any CPU
		{6338764E-E63D-41FF-8748-18B71081FC5E}.Release|Any CPU.ActiveCfg = Release|Any CPU
		{6338764E-E63D-41FF-8748-18B71081FC5E}.Release|Any CPU.Build.0 = Release|Any CPU
		{6338764E-E63D-41FF-8748-18B71081FC5E}.Release|ARM.ActiveCfg = Release|Any CPU
		{6338764E-E63D-41FF-8748-18B71081FC5E}.Release|ARM.Build.0 = Release|Any CPU
		{6338764E-E63D-41FF-8748-18B71081FC5E}.Release|iPhone.ActiveCfg = Release|Any CPU
		{6338764E-E63D-41FF-8748-18B71081FC5E}.Release|iPhone.Build.0 = Release|Any CPU
		{6338764E-E63D-41FF-8748-18B71081FC5E}.Release|iPhoneSimulator.ActiveCfg = Release|Any CPU
		{6338764E-E63D-41FF-8748-18B71081FC5E}.Release|iPhoneSimulator.Build.0 = Release|Any CPU
		{6338764E-E63D-41FF-8748-18B71081FC5E}.Release|x64.ActiveCfg = Release|Any CPU
		{6338764E-E63D-41FF-8748-18B71081FC5E}.Release|x64.Build.0 = Release|Any CPU
		{6338764E-E63D-41FF-8748-18B71081FC5E}.Release|x86.ActiveCfg = Release|Any CPU
		{6338764E-E63D-41FF-8748-18B71081FC5E}.Release|x86.Build.0 = Release|Any CPU
		{D095C514-BC4E-4A63-B68D-8216C9EDCD0A}.Debug|Any CPU.ActiveCfg = Debug|Any CPU
		{D095C514-BC4E-4A63-B68D-8216C9EDCD0A}.Debug|Any CPU.Build.0 = Debug|Any CPU
		{D095C514-BC4E-4A63-B68D-8216C9EDCD0A}.Debug|ARM.ActiveCfg = Debug|Any CPU
		{D095C514-BC4E-4A63-B68D-8216C9EDCD0A}.Debug|ARM.Build.0 = Debug|Any CPU
		{D095C514-BC4E-4A63-B68D-8216C9EDCD0A}.Debug|iPhone.ActiveCfg = Debug|Any CPU
		{D095C514-BC4E-4A63-B68D-8216C9EDCD0A}.Debug|iPhone.Build.0 = Debug|Any CPU
		{D095C514-BC4E-4A63-B68D-8216C9EDCD0A}.Debug|iPhoneSimulator.ActiveCfg = Debug|Any CPU
		{D095C514-BC4E-4A63-B68D-8216C9EDCD0A}.Debug|iPhoneSimulator.Build.0 = Debug|Any CPU
		{D095C514-BC4E-4A63-B68D-8216C9EDCD0A}.Debug|x64.ActiveCfg = Debug|Any CPU
		{D095C514-BC4E-4A63-B68D-8216C9EDCD0A}.Debug|x64.Build.0 = Debug|Any CPU
		{D095C514-BC4E-4A63-B68D-8216C9EDCD0A}.Debug|x86.ActiveCfg = Debug|Any CPU
		{D095C514-BC4E-4A63-B68D-8216C9EDCD0A}.Debug|x86.Build.0 = Debug|Any CPU
		{D095C514-BC4E-4A63-B68D-8216C9EDCD0A}.Release|Any CPU.ActiveCfg = Release|Any CPU
		{D095C514-BC4E-4A63-B68D-8216C9EDCD0A}.Release|Any CPU.Build.0 = Release|Any CPU
		{D095C514-BC4E-4A63-B68D-8216C9EDCD0A}.Release|ARM.ActiveCfg = Release|Any CPU
		{D095C514-BC4E-4A63-B68D-8216C9EDCD0A}.Release|ARM.Build.0 = Release|Any CPU
		{D095C514-BC4E-4A63-B68D-8216C9EDCD0A}.Release|iPhone.ActiveCfg = Release|Any CPU
		{D095C514-BC4E-4A63-B68D-8216C9EDCD0A}.Release|iPhone.Build.0 = Release|Any CPU
		{D095C514-BC4E-4A63-B68D-8216C9EDCD0A}.Release|iPhoneSimulator.ActiveCfg = Release|Any CPU
		{D095C514-BC4E-4A63-B68D-8216C9EDCD0A}.Release|iPhoneSimulator.Build.0 = Release|Any CPU
		{D095C514-BC4E-4A63-B68D-8216C9EDCD0A}.Release|x64.ActiveCfg = Release|Any CPU
		{D095C514-BC4E-4A63-B68D-8216C9EDCD0A}.Release|x64.Build.0 = Release|Any CPU
		{D095C514-BC4E-4A63-B68D-8216C9EDCD0A}.Release|x86.ActiveCfg = Release|Any CPU
		{D095C514-BC4E-4A63-B68D-8216C9EDCD0A}.Release|x86.Build.0 = Release|Any CPU
	EndGlobalSection
	GlobalSection(SolutionProperties) = preSolution
		HideSolutionNode = FALSE
	EndGlobalSection
	GlobalSection(NestedProjects) = preSolution
		{821BF5DF-5435-4A8B-9F85-0E88FAD1AB49} = {3F4C3007-3C44-410C-B316-81B96A340FA9}
		{A1AD986C-EBB6-4742-AD00-35B5CEADEE13} = {3F4C3007-3C44-410C-B316-81B96A340FA9}
		{E059A9E6-3D59-4AB5-A6A1-AAC6E9D54579} = {F63FE2FD-0DA7-4AC2-9E87-1165D2114FDF}
		{8CB11CBF-3F36-43ED-B3FA-EA9CF3A39C9E} = {F63FE2FD-0DA7-4AC2-9E87-1165D2114FDF}
		{EF188A6C-E799-4782-9E80-560301DA6B5A} = {BE6A2392-1282-494D-8070-BC10ABBFDF65}
		{12783ED3-CB43-4554-A87E-7D0EE0F4439F} = {A1AD986C-EBB6-4742-AD00-35B5CEADEE13}
		{AFF49980-6BE7-4AA4-BEC5-F5583E69AAE6} = {A1AD986C-EBB6-4742-AD00-35B5CEADEE13}
		{E18217D6-4D7B-40B1-B49A-DDF11B4FA579} = {378B2D69-A302-4B2E-9C81-7C7910C3D607}
		{28F536E1-F385-428F-9830-0A5A3D8E2F09} = {378B2D69-A302-4B2E-9C81-7C7910C3D607}
		{BD8B24AE-84E7-40AC-82A1-9EC386402DF0} = {378B2D69-A302-4B2E-9C81-7C7910C3D607}
		{8F416954-7552-41B7-916A-4B99F1585023} = {378B2D69-A302-4B2E-9C81-7C7910C3D607}
		{1FC9EF2B-7727-4917-922C-1C3EC20F67D6} = {BE6A2392-1282-494D-8070-BC10ABBFDF65}
		{6338764E-E63D-41FF-8748-18B71081FC5E} = {821BF5DF-5435-4A8B-9F85-0E88FAD1AB49}
		{D095C514-BC4E-4A63-B68D-8216C9EDCD0A} = {821BF5DF-5435-4A8B-9F85-0E88FAD1AB49}
	EndGlobalSection
	GlobalSection(ExtensibilityGlobals) = postSolution
		SolutionGuid = {C7E12267-65A8-4A0F-B2E0-BC9AC92B90A1}
	EndGlobalSection
EndGlobal
